
Microsoft Visual Studio Solution File, Format Version 12.00
# Visual Studio Version 17
VisualStudioVersion = 17.5.002.0
MinimumVisualStudioVersion = 10.0.40219.1
Project("{9A19103F-16F7-4668-BE54-9A1E7A4F7556}") = "Sms", "Sms.csproj", "{D942C384-989A-4766-8003-6A46EAED80B2}"
EndProject
Global
	GlobalSection(SolutionConfigurationPlatforms) = preSolution
		Debug|Any CPU = Debug|Any CPU
		Release|Any CPU = Release|Any CPU
	EndGlobalSection
	GlobalSection(ProjectConfigurationPlatforms) = postSolution
		{D942C384-989A-4766-8003-6A46EAED80B2}.Debug|Any CPU.ActiveCfg = Debug|Any CPU
		{D942C384-989A-4766-8003-6A46EAED80B2}.Debug|Any CPU.Build.0 = Debug|Any CPU
		{D942C384-989A-4766-8003-6A46EAED80B2}.Release|Any CPU.ActiveCfg = Release|Any CPU
		{D942C384-989A-4766-8003-6A46EAED80B2}.Release|Any CPU.Build.0 = Release|Any CPU
	EndGlobalSection
	GlobalSection(SolutionProperties) = preSolution
		HideSolutionNode = FALSE
	EndGlobalSection
	GlobalSection(ExtensibilityGlobals) = postSolution
		SolutionGuid = {6109E11E-F91E-4167-9F1E-D5CEEDCAC483}
	EndGlobalSection
EndGlobal
